
Microsoft Visual Studio Solution File, Format Version 12.00
# Visual Studio 14
VisualStudioVersion = 14.0.25123.0
MinimumVisualStudioVersion = 10.0.40219.1
Project("{262852C6-CD72-467D-83FE-5EEB1973A190}") = "Cordova-Custom-Plugin", "Cordova-Custom-Plugin\Cordova-Custom-Plugin.jsproj", "{5147EE81-5CCB-4F62-8841-7C4ECEDE3A69}"
	ProjectSection(ProjectDependencies) = postProject
		{E8B4AE93-BFA4-4E40-A747-2CDDBA380833} = {E8B4AE93-BFA4-4E40-A747-2CDDBA380833}
	EndProjectSection
EndProject
Project("{FAE04EC0-301F-11D3-BF4B-00C04F79EFBC}") = "Hello", "Cordova-Custom-Plugin\plugins\cordova-plugin-template\src\windows\Hello\Hello.csproj", "{E8B4AE93-BFA4-4E40-A747-2CDDBA380833}"
EndProject
Global
	GlobalSection(SolutionConfigurationPlatforms) = preSolution
		Debug|Android = Debug|Android
		Debug|Any CPU = Debug|Any CPU
		Debug|ARM = Debug|ARM
		Debug|iOS = Debug|iOS
		Debug|Windows Phone (Universal) = Debug|Windows Phone (Universal)
		Debug|Windows Phone 8 = Debug|Windows Phone 8
		Debug|Windows-AnyCPU = Debug|Windows-AnyCPU
		Debug|Windows-ARM = Debug|Windows-ARM
		Debug|Windows-x64 = Debug|Windows-x64
		Debug|Windows-x86 = Debug|Windows-x86
		Debug|x64 = Debug|x64
		Debug|x86 = Debug|x86
		Release|Android = Release|Android
		Release|Any CPU = Release|Any CPU
		Release|ARM = Release|ARM
		Release|iOS = Release|iOS
		Release|Windows Phone (Universal) = Release|Windows Phone (Universal)
		Release|Windows Phone 8 = Release|Windows Phone 8
		Release|Windows-AnyCPU = Release|Windows-AnyCPU
		Release|Windows-ARM = Release|Windows-ARM
		Release|Windows-x64 = Release|Windows-x64
		Release|Windows-x86 = Release|Windows-x86
		Release|x64 = Release|x64
		Release|x86 = Release|x86
	EndGlobalSection
	GlobalSection(ProjectConfigurationPlatforms) = postSolution
		{5147EE81-5CCB-4F62-8841-7C4ECEDE3A69}.Debug|Android.ActiveCfg = Debug|Android
		{5147EE81-5CCB-4F62-8841-7C4ECEDE3A69}.Debug|Android.Build.0 = Debug|Android
		{5147EE81-5CCB-4F62-8841-7C4ECEDE3A69}.Debug|Android.Deploy.0 = Debug|Android
		{5147EE81-5CCB-4F62-8841-7C4ECEDE3A69}.Debug|Any CPU.ActiveCfg = Debug|Android
		{5147EE81-5CCB-4F62-8841-7C4ECEDE3A69}.Debug|ARM.ActiveCfg = Debug|Windows-ARM
		{5147EE81-5CCB-4F62-8841-7C4ECEDE3A69}.Debug|iOS.ActiveCfg = Debug|iOS
		{5147EE81-5CCB-4F62-8841-7C4ECEDE3A69}.Debug|iOS.Build.0 = Debug|iOS
		{5147EE81-5CCB-4F62-8841-7C4ECEDE3A69}.Debug|iOS.Deploy.0 = Debug|iOS
		{5147EE81-5CCB-4F62-8841-7C4ECEDE3A69}.Debug|Windows Phone (Universal).ActiveCfg = Debug|Windows Phone (Universal)
		{5147EE81-5CCB-4F62-8841-7C4ECEDE3A69}.Debug|Windows Phone (Universal).Build.0 = Debug|Windows Phone (Universal)
		{5147EE81-5CCB-4F62-8841-7C4ECEDE3A69}.Debug|Windows Phone (Universal).Deploy.0 = Debug|Windows Phone (Universal)
		{5147EE81-5CCB-4F62-8841-7C4ECEDE3A69}.Debug|Windows Phone 8.ActiveCfg = Debug|Windows Phone 8
		{5147EE81-5CCB-4F62-8841-7C4ECEDE3A69}.Debug|Windows Phone 8.Build.0 = Debug|Windows Phone 8
		{5147EE81-5CCB-4F62-8841-7C4ECEDE3A69}.Debug|Windows Phone 8.Deploy.0 = Debug|Windows Phone 8
		{5147EE81-5CCB-4F62-8841-7C4ECEDE3A69}.Debug|Windows-AnyCPU.ActiveCfg = Debug|Windows-AnyCPU
		{5147EE81-5CCB-4F62-8841-7C4ECEDE3A69}.Debug|Windows-AnyCPU.Build.0 = Debug|Windows-AnyCPU
		{5147EE81-5CCB-4F62-8841-7C4ECEDE3A69}.Debug|Windows-AnyCPU.Deploy.0 = Debug|Windows-AnyCPU
		{5147EE81-5CCB-4F62-8841-7C4ECEDE3A69}.Debug|Windows-ARM.ActiveCfg = Debug|Windows-ARM
		{5147EE81-5CCB-4F62-8841-7C4ECEDE3A69}.Debug|Windows-ARM.Build.0 = Debug|Windows-ARM
		{5147EE81-5CCB-4F62-8841-7C4ECEDE3A69}.Debug|Windows-ARM.Deploy.0 = Debug|Windows-ARM
		{5147EE81-5CCB-4F62-8841-7C4ECEDE3A69}.Debug|Windows-x64.ActiveCfg = Debug|Windows-x64
		{5147EE81-5CCB-4F62-8841-7C4ECEDE3A69}.Debug|Windows-x64.Build.0 = Debug|Windows-x64
		{5147EE81-5CCB-4F62-8841-7C4ECEDE3A69}.Debug|Windows-x64.Deploy.0 = Debug|Windows-x64
		{5147EE81-5CCB-4F62-8841-7C4ECEDE3A69}.Debug|Windows-x86.ActiveCfg = Debug|Windows-x86
		{5147EE81-5CCB-4F62-8841-7C4ECEDE3A69}.Debug|Windows-x86.Build.0 = Debug|Windows-x86
		{5147EE81-5CCB-4F62-8841-7C4ECEDE3A69}.Debug|Windows-x86.Deploy.0 = Debug|Windows-x86
		{5147EE81-5CCB-4F62-8841-7C4ECEDE3A69}.Debug|x64.ActiveCfg = Debug|Windows-x64
		{5147EE81-5CCB-4F62-8841-7C4ECEDE3A69}.Debug|x86.ActiveCfg = Debug|Windows-x86
		{5147EE81-5CCB-4F62-8841-7C4ECEDE3A69}.Release|Android.ActiveCfg = Release|Android
		{5147EE81-5CCB-4F62-8841-7C4ECEDE3A69}.Release|Android.Build.0 = Release|Android
		{5147EE81-5CCB-4F62-8841-7C4ECEDE3A69}.Release|Android.Deploy.0 = Release|Android
		{5147EE81-5CCB-4F62-8841-7C4ECEDE3A69}.Release|Any CPU.ActiveCfg = Release|Android
		{5147EE81-5CCB-4F62-8841-7C4ECEDE3A69}.Release|ARM.ActiveCfg = Release|Windows-ARM
		{5147EE81-5CCB-4F62-8841-7C4ECEDE3A69}.Release|iOS.ActiveCfg = Release|iOS
		{5147EE81-5CCB-4F62-8841-7C4ECEDE3A69}.Release|iOS.Build.0 = Release|iOS
		{5147EE81-5CCB-4F62-8841-7C4ECEDE3A69}.Release|iOS.Deploy.0 = Release|iOS
		{5147EE81-5CCB-4F62-8841-7C4ECEDE3A69}.Release|Windows Phone (Universal).ActiveCfg = Release|Windows Phone (Universal)
		{5147EE81-5CCB-4F62-8841-7C4ECEDE3A69}.Release|Windows Phone (Universal).Build.0 = Release|Windows Phone (Universal)
		{5147EE81-5CCB-4F62-8841-7C4ECEDE3A69}.Release|Windows Phone (Universal).Deploy.0 = Release|Windows Phone (Universal)
		{5147EE81-5CCB-4F62-8841-7C4ECEDE3A69}.Release|Windows Phone 8.ActiveCfg = Release|Windows Phone 8
		{5147EE81-5CCB-4F62-8841-7C4ECEDE3A69}.Release|Windows Phone 8.Build.0 = Release|Windows Phone 8
		{5147EE81-5CCB-4F62-8841-7C4ECEDE3A69}.Release|Windows Phone 8.Deploy.0 = Release|Windows Phone 8
		{5147EE81-5CCB-4F62-8841-7C4ECEDE3A69}.Release|Windows-AnyCPU.ActiveCfg = Release|Windows-AnyCPU
		{5147EE81-5CCB-4F62-8841-7C4ECEDE3A69}.Release|Windows-AnyCPU.Build.0 = Release|Windows-AnyCPU
		{5147EE81-5CCB-4F62-8841-7C4ECEDE3A69}.Release|Windows-AnyCPU.Deploy.0 = Release|Windows-AnyCPU
		{5147EE81-5CCB-4F62-8841-7C4ECEDE3A69}.Release|Windows-ARM.ActiveCfg = Release|Windows-ARM
		{5147EE81-5CCB-4F62-8841-7C4ECEDE3A69}.Release|Windows-ARM.Build.0 = Release|Windows-ARM
		{5147EE81-5CCB-4F62-8841-7C4ECEDE3A69}.Release|Windows-ARM.Deploy.0 = Release|Windows-ARM
		{5147EE81-5CCB-4F62-8841-7C4ECEDE3A69}.Release|Windows-x64.ActiveCfg = Release|Windows-x64
		{5147EE81-5CCB-4F62-8841-7C4ECEDE3A69}.Release|Windows-x64.Build.0 = Release|Windows-x64
		{5147EE81-5CCB-4F62-8841-7C4ECEDE3A69}.Release|Windows-x64.Deploy.0 = Release|Windows-x64
		{5147EE81-5CCB-4F62-8841-7C4ECEDE3A69}.Release|Windows-x86.ActiveCfg = Release|Windows-x86
		{5147EE81-5CCB-4F62-8841-7C4ECEDE3A69}.Release|Windows-x86.Build.0 = Release|Windows-x86
		{5147EE81-5CCB-4F62-8841-7C4ECEDE3A69}.Release|Windows-x86.Deploy.0 = Release|Windows-x86
		{5147EE81-5CCB-4F62-8841-7C4ECEDE3A69}.Release|x64.ActiveCfg = Release|Windows-x64
		{5147EE81-5CCB-4F62-8841-7C4ECEDE3A69}.Release|x86.ActiveCfg = Release|Windows-x86
		{E8B4AE93-BFA4-4E40-A747-2CDDBA380833}.Debug|Android.ActiveCfg = Debug|Any CPU
		{E8B4AE93-BFA4-4E40-A747-2CDDBA380833}.Debug|Android.Build.0 = Debug|Any CPU
		{E8B4AE93-BFA4-4E40-A747-2CDDBA380833}.Debug|Any CPU.ActiveCfg = Debug|Any CPU
		{E8B4AE93-BFA4-4E40-A747-2CDDBA380833}.Debug|Any CPU.Build.0 = Debug|Any CPU
		{E8B4AE93-BFA4-4E40-A747-2CDDBA380833}.Debug|ARM.ActiveCfg = Debug|ARM
		{E8B4AE93-BFA4-4E40-A747-2CDDBA380833}.Debug|ARM.Build.0 = Debug|ARM
		{E8B4AE93-BFA4-4E40-A747-2CDDBA380833}.Debug|iOS.ActiveCfg = Debug|Any CPU
		{E8B4AE93-BFA4-4E40-A747-2CDDBA380833}.Debug|iOS.Build.0 = Debug|Any CPU
		{E8B4AE93-BFA4-4E40-A747-2CDDBA380833}.Debug|Windows Phone (Universal).ActiveCfg = Debug|Any CPU
		{E8B4AE93-BFA4-4E40-A747-2CDDBA380833}.Debug|Windows Phone (Universal).Build.0 = Debug|Any CPU
		{E8B4AE93-BFA4-4E40-A747-2CDDBA380833}.Debug|Windows Phone 8.ActiveCfg = Debug|Any CPU
		{E8B4AE93-BFA4-4E40-A747-2CDDBA380833}.Debug|Windows Phone 8.Build.0 = Debug|Any CPU
		{E8B4AE93-BFA4-4E40-A747-2CDDBA380833}.Debug|Windows-AnyCPU.ActiveCfg = Debug|Any CPU
		{E8B4AE93-BFA4-4E40-A747-2CDDBA380833}.Debug|Windows-AnyCPU.Build.0 = Debug|Any CPU
		{E8B4AE93-BFA4-4E40-A747-2CDDBA380833}.Debug|Windows-ARM.ActiveCfg = Debug|Any CPU
		{E8B4AE93-BFA4-4E40-A747-2CDDBA380833}.Debug|Windows-ARM.Build.0 = Debug|Any CPU
		{E8B4AE93-BFA4-4E40-A747-2CDDBA380833}.Debug|Windows-x64.ActiveCfg = Debug|Any CPU
		{E8B4AE93-BFA4-4E40-A747-2CDDBA380833}.Debug|Windows-x64.Build.0 = Debug|Any CPU
		{E8B4AE93-BFA4-4E40-A747-2CDDBA380833}.Debug|Windows-x86.ActiveCfg = Debug|Any CPU
		{E8B4AE93-BFA4-4E40-A747-2CDDBA380833}.Debug|Windows-x86.Build.0 = Debug|Any CPU
		{E8B4AE93-BFA4-4E40-A747-2CDDBA380833}.Debug|x64.ActiveCfg = Debug|x64
		{E8B4AE93-BFA4-4E40-A747-2CDDBA380833}.Debug|x64.Build.0 = Debug|x64
		{E8B4AE93-BFA4-4E40-A747-2CDDBA380833}.Debug|x86.ActiveCfg = Debug|x86
		{E8B4AE93-BFA4-4E40-A747-2CDDBA380833}.Debug|x86.Build.0 = Debug|x86
		{E8B4AE93-BFA4-4E40-A747-2CDDBA380833}.Release|Android.ActiveCfg = Release|Any CPU
		{E8B4AE93-BFA4-4E40-A747-2CDDBA380833}.Release|Android.Build.0 = Release|Any CPU
		{E8B4AE93-BFA4-4E40-A747-2CDDBA380833}.Release|Any CPU.ActiveCfg = Release|Any CPU
		{E8B4AE93-BFA4-4E40-A747-2CDDBA380833}.Release|Any CPU.Build.0 = Release|Any CPU
		{E8B4AE93-BFA4-4E40-A747-2CDDBA380833}.Release|ARM.ActiveCfg = Release|ARM
		{E8B4AE93-BFA4-4E40-A747-2CDDBA380833}.Release|ARM.Build.0 = Release|ARM
		{E8B4AE93-BFA4-4E40-A747-2CDDBA380833}.Release|iOS.ActiveCfg = Release|Any CPU
		{E8B4AE93-BFA4-4E40-A747-2CDDBA380833}.Release|iOS.Build.0 = Release|Any CPU
		{E8B4AE93-BFA4-4E40-A747-2CDDBA380833}.Release|Windows Phone (Universal).ActiveCfg = Release|Any CPU
		{E8B4AE93-BFA4-4E40-A747-2CDDBA380833}.Release|Windows Phone (Universal).Build.0 = Release|Any CPU
		{E8B4AE93-BFA4-4E40-A747-2CDDBA380833}.Release|Windows Phone 8.ActiveCfg = Release|Any CPU
		{E8B4AE93-BFA4-4E40-A747-2CDDBA380833}.Release|Windows Phone 8.Build.0 = Release|Any CPU
		{E8B4AE93-BFA4-4E40-A747-2CDDBA380833}.Release|Windows-AnyCPU.ActiveCfg = Release|Any CPU
		{E8B4AE93-BFA4-4E40-A747-2CDDBA380833}.Release|Windows-AnyCPU.Build.0 = Release|Any CPU
		{E8B4AE93-BFA4-4E40-A747-2CDDBA380833}.Release|Windows-ARM.ActiveCfg = Release|Any CPU
		{E8B4AE93-BFA4-4E40-A747-2CDDBA380833}.Release|Windows-ARM.Build.0 = Release|Any CPU
		{E8B4AE93-BFA4-4E40-A747-2CDDBA380833}.Release|Windows-x64.ActiveCfg = Release|Any CPU
		{E8B4AE93-BFA4-4E40-A747-2CDDBA380833}.Release|Windows-x64.Build.0 = Release|Any CPU
		{E8B4AE93-BFA4-4E40-A747-2CDDBA380833}.Release|Windows-x86.ActiveCfg = Release|Any CPU
		{E8B4AE93-BFA4-4E40-A747-2CDDBA380833}.Release|Windows-x86.Build.0 = Release|Any CPU
		{E8B4AE93-BFA4-4E40-A747-2CDDBA380833}.Release|x64.ActiveCfg = Release|x64
		{E8B4AE93-BFA4-4E40-A747-2CDDBA380833}.Release|x64.Build.0 = Release|x64
		{E8B4AE93-BFA4-4E40-A747-2CDDBA380833}.Release|x86.ActiveCfg = Release|x86
		{E8B4AE93-BFA4-4E40-A747-2CDDBA380833}.Release|x86.Build.0 = Release|x86
	EndGlobalSection
	GlobalSection(SolutionProperties) = preSolution
		HideSolutionNode = FALSE
	EndGlobalSection
EndGlobal
